Microsoft Visual Studio Solution File, Format Version 12.00
# Visual Studio Version 17
VisualStudioVersion = 17.5.2.0
MinimumVisualStudioVersion = 10.0.40219.1
Project("{FAE04EC0-301F-11D3-BF4B-00C04F79EFBC}") = "TeachSpark.Web", "TeachSpark.Web.csproj", "{83682894-B478-85B8-C87A-0439BEA0C2DD}"
EndProject
Global
	GlobalSection(SolutionConfigurationPlatforms) = preSolution
		Debug|Any CPU = Debug|Any CPU
		Release|Any CPU = Release|Any CPU
	EndGlobalSection
	GlobalSection(ProjectConfigurationPlatforms) = postSolution
		{83682894-B478-85B8-C87A-0439BEA0C2DD}.Debug|Any CPU.ActiveCfg = Debug|Any CPU
		{83682894-B478-85B8-C87A-0439BEA0C2DD}.Debug|Any CPU.Build.0 = Debug|Any CPU
		{83682894-B478-85B8-C87A-0439BEA0C2DD}.Release|Any CPU.ActiveCfg = Release|Any CPU
		{83682894-B478-85B8-C87A-0439BEA0C2DD}.Release|Any CPU.Build.0 = Release|Any CPU
	EndGlobalSection
	GlobalSection(SolutionProperties) = preSolution
		HideSolutionNode = FALSE
	EndGlobalSection
	GlobalSection(ExtensibilityGlobals) = postSolution
		SolutionGuid = {EFD23BE4-6622-4C3D-9571-0207BBB815C1}
	EndGlobalSection
EndGlobal
